{
  "name": "tests",
  "requires": true,
  "lockfileVersion": 1,
  "dependencies": {
    "vuex-typed": {
      "version": "file:..",
      "dependencies": {
        "typescript": {
          "version": "2.9.2",
          "bundled": true
        },
        "vue": {
          "version": "2.5.22",
          "bundled": true
        },
        "vuex": {
          "version": "3.1.0",
          "bundled": true
        }
      }
    }
  }
}
